
Microsoft Visual Studio Solution File, Format Version 12.00
# Visual Studio 2010
Project("{FAE04EC0-301F-11D3-BF4B-00C04F79EFBC}") = "GeoModeler", "GeoModeler\GeoModeler.csproj", "{09EE074A-989C-46B5-919C-CBB14373C761}"
EndProject
Project("{FAE04EC0-301F-11D3-BF4B-00C04F79EFBC}") = "Topography", "Topography\Topography.csproj", "{CB5CDB71-9421-48B9-9682-95FF86B94E8C}"
EndProject
Project("{2150E333-8FDC-42A3-9474-1A3956D46DE8}") = "Libraries", "Libraries", "{27B7684E-895D-4FB2-9E20-DDBD54EEB4E2}"
EndProject
Project("{FAE04EC0-301F-11D3-BF4B-00C04F79EFBC}") = "DataStructures", "DataStructures\DataStructures.csproj", "{3F893519-A449-4307-A65C-3A8E6137BC15}"
EndProject
Project("{FAE04EC0-301F-11D3-BF4B-00C04F79EFBC}") = "Synchronization", "Synchronization\Synchronization.csproj", "{FB208D46-4EF2-4691-8FA8-A1C6B5D76442}"
EndProject
Project("{FAE04EC0-301F-11D3-BF4B-00C04F79EFBC}") = "GeoPlugIn", "GeoPlugIn\GeoPlugIn.csproj", "{CCB50D26-A12C-4A42-AC8E-B687EE1C47DE}"
EndProject
Project("{FAE04EC0-301F-11D3-BF4B-00C04F79EFBC}") = "BoxBuilder", "BoxBuilder\BoxBuilder.csproj", "{772EFD05-79A4-4B64-AD2D-B331FF08153C}"
EndProject
Project("{FAE04EC0-301F-11D3-BF4B-00C04F79EFBC}") = "BoxController", "BoxController\BoxController.csproj", "{EBFE2FA5-84C0-4EB4-A036-BF55D4454D2D}"
EndProject
Project("{FAE04EC0-301F-11D3-BF4B-00C04F79EFBC}") = "BoxBridge", "BoxBridge\BoxBridge.csproj", "{FBCF576B-0E1A-4978-B4E2-4681FFC4E0CE}"
EndProject
Project("{2150E333-8FDC-42A3-9474-1A3956D46DE8}") = "Box", "Box", "{61B1848A-86EC-4C18-82FC-0DD620E43C3F}"
EndProject
Project("{2150E333-8FDC-42A3-9474-1A3956D46DE8}") = "Geo", "Geo", "{8C8930F8-C17D-4EF4-AF59-0CA146084B61}"
EndProject
Project("{FAE04EC0-301F-11D3-BF4B-00C04F79EFBC}") = "BoxHost", "BoxHost\BoxHost.csproj", "{BB114CB4-2B29-4B62-ADE7-B2DEF1299946}"
EndProject
Project("{FAE04EC0-301F-11D3-BF4B-00C04F79EFBC}") = "BoxService", "BoxService\BoxService.csproj", "{C429B121-4674-4A7A-894C-6C0E534F9857}"
EndProject
Project("{FAE04EC0-301F-11D3-BF4B-00C04F79EFBC}") = "BoxClient", "BoxClient\BoxClient.csproj", "{17A62757-4100-48C3-99BD-2E2DAC2E4A60}"
EndProject
Project("{2150E333-8FDC-42A3-9474-1A3956D46DE8}") = "Modules", "Modules", "{66921564-82F8-42DE-A6C9-8BBF03E8A2FA}"
EndProject
Project("{2150E333-8FDC-42A3-9474-1A3956D46DE8}") = "Infrastructure", "Infrastructure", "{26EF70DC-23C1-4A86-A0EC-91C993A2E55C}"
EndProject
Project("{2150E333-8FDC-42A3-9474-1A3956D46DE8}") = "Internals", "Internals", "{BC3F8CA6-DABD-4BCF-AA8E-A74967AB2BB6}"
EndProject
Project("{2150E333-8FDC-42A3-9474-1A3956D46DE8}") = "Subsystems", "Subsystems", "{5FD84882-7405-41F4-ADBF-8EDD61203BEA}"
EndProject
Project("{FAE04EC0-301F-11D3-BF4B-00C04F79EFBC}") = "BoxPlugBuilder", "BoxPlugBuilder\BoxPlugBuilder.csproj", "{4490084E-6EC9-4FF2-9CF5-7AF23A15305C}"
EndProject
Project("{FAE04EC0-301F-11D3-BF4B-00C04F79EFBC}") = "BoxPlugBridge", "BoxPlugBridge\BoxPlugBridge.csproj", "{859B83AD-BEFE-4F13-A43A-051EB0146773}"
EndProject
Project("{FAE04EC0-301F-11D3-BF4B-00C04F79EFBC}") = "BoxPlugController", "BoxPlugController\BoxPlugController.csproj", "{409053CC-0F4E-4EFB-9071-591AE8A5A9D0}"
EndProject
Project("{FAE04EC0-301F-11D3-BF4B-00C04F79EFBC}") = "Geometry", "Geometry\Geometry.csproj", "{12EDF8C6-E09C-4B69-B03E-CF8464CB4386}"
EndProject
Project("{2150E333-8FDC-42A3-9474-1A3956D46DE8}") = "Platform", "Platform", "{DCBD7A31-3055-4DE7-8D3F-837CD82E1981}"
EndProject
Project("{2150E333-8FDC-42A3-9474-1A3956D46DE8}") = "Editors", "Editors", "{CB0DE4DA-5DA7-428C-9428-326444D70BCB}"
EndProject
Project("{2150E333-8FDC-42A3-9474-1A3956D46DE8}") = "Libraries", "Libraries", "{150D9865-1757-4E89-9EFF-B3583174376D}"
EndProject
Global
	GlobalSection(SolutionConfigurationPlatforms) = preSolution
		Debug|Any CPU = Debug|Any CPU
		Debug|Mixed Platforms = Debug|Mixed Platforms
		Debug|Win32 = Debug|Win32
		Debug|x64 = Debug|x64
		Debug|x86 = Debug|x86
		Release|Any CPU = Release|Any CPU
		Release|Mixed Platforms = Release|Mixed Platforms
		Release|Win32 = Release|Win32
		Release|x64 = Release|x64
		Release|x86 = Release|x86
	EndGlobalSection
	GlobalSection(ProjectConfigurationPlatforms) = postSolution
		{09EE074A-989C-46B5-919C-CBB14373C761}.Debug|Any CPU.ActiveCfg = Debug|x86
		{09EE074A-989C-46B5-919C-CBB14373C761}.Debug|Mixed Platforms.ActiveCfg = Debug|x86
		{09EE074A-989C-46B5-919C-CBB14373C761}.Debug|Mixed Platforms.Build.0 = Debug|x86
		{09EE074A-989C-46B5-919C-CBB14373C761}.Debug|Win32.ActiveCfg = Debug|x86
		{09EE074A-989C-46B5-919C-CBB14373C761}.Debug|x64.ActiveCfg = Debug|x86
		{09EE074A-989C-46B5-919C-CBB14373C761}.Debug|x86.ActiveCfg = Debug|x86
		{09EE074A-989C-46B5-919C-CBB14373C761}.Debug|x86.Build.0 = Debug|x86
		{09EE074A-989C-46B5-919C-CBB14373C761}.Release|Any CPU.ActiveCfg = Release|x86
		{09EE074A-989C-46B5-919C-CBB14373C761}.Release|Mixed Platforms.ActiveCfg = Release|x86
		{09EE074A-989C-46B5-919C-CBB14373C761}.Release|Mixed Platforms.Build.0 = Release|x86
		{09EE074A-989C-46B5-919C-CBB14373C761}.Release|Win32.ActiveCfg = Release|x86
		{09EE074A-989C-46B5-919C-CBB14373C761}.Release|x64.ActiveCfg = Release|x86
		{09EE074A-989C-46B5-919C-CBB14373C761}.Release|x86.ActiveCfg = Release|x86
		{09EE074A-989C-46B5-919C-CBB14373C761}.Release|x86.Build.0 = Release|x86
		{CB5CDB71-9421-48B9-9682-95FF86B94E8C}.Debug|Any CPU.ActiveCfg = Debug|Any CPU
		{CB5CDB71-9421-48B9-9682-95FF86B94E8C}.Debug|Any CPU.Build.0 = Debug|Any CPU
		{CB5CDB71-9421-48B9-9682-95FF86B94E8C}.Debug|Mixed Platforms.ActiveCfg = Debug|Any CPU
		{CB5CDB71-9421-48B9-9682-95FF86B94E8C}.Debug|Mixed Platforms.Build.0 = Debug|Any CPU
		{CB5CDB71-9421-48B9-9682-95FF86B94E8C}.Debug|Win32.ActiveCfg = Debug|Any CPU
		{CB5CDB71-9421-48B9-9682-95FF86B94E8C}.Debug|x64.ActiveCfg = Debug|Any CPU
		{CB5CDB71-9421-48B9-9682-95FF86B94E8C}.Debug|x86.ActiveCfg = Debug|Any CPU
		{CB5CDB71-9421-48B9-9682-95FF86B94E8C}.Release|Any CPU.ActiveCfg = Release|Any CPU
		{CB5CDB71-9421-48B9-9682-95FF86B94E8C}.Release|Any CPU.Build.0 = Release|Any CPU
		{CB5CDB71-9421-48B9-9682-95FF86B94E8C}.Release|Mixed Platforms.ActiveCfg = Release|Any CPU
		{CB5CDB71-9421-48B9-9682-95FF86B94E8C}.Release|Mixed Platforms.Build.0 = Release|Any CPU
		{CB5CDB71-9421-48B9-9682-95FF86B94E8C}.Release|Win32.ActiveCfg = Release|Any CPU
		{CB5CDB71-9421-48B9-9682-95FF86B94E8C}.Release|x64.ActiveCfg = Release|Any CPU
		{CB5CDB71-9421-48B9-9682-95FF86B94E8C}.Release|x86.ActiveCfg = Release|Any CPU
		{3F893519-A449-4307-A65C-3A8E6137BC15}.Debug|Any CPU.ActiveCfg = Debug|Any CPU
		{3F893519-A449-4307-A65C-3A8E6137BC15}.Debug|Any CPU.Build.0 = Debug|Any CPU
		{3F893519-A449-4307-A65C-3A8E6137BC15}.Debug|Mixed Platforms.ActiveCfg = Debug|Any CPU
		{3F893519-A449-4307-A65C-3A8E6137BC15}.Debug|Mixed Platforms.Build.0 = Debug|Any CPU
		{3F893519-A449-4307-A65C-3A8E6137BC15}.Debug|Win32.ActiveCfg = Debug|Any CPU
		{3F893519-A449-4307-A65C-3A8E6137BC15}.Debug|x64.ActiveCfg = Debug|Any CPU
		{3F893519-A449-4307-A65C-3A8E6137BC15}.Debug|x86.ActiveCfg = Debug|Any CPU
		{3F893519-A449-4307-A65C-3A8E6137BC15}.Release|Any CPU.ActiveCfg = Release|Any CPU
		{3F893519-A449-4307-A65C-3A8E6137BC15}.Release|Any CPU.Build.0 = Release|Any CPU
		{3F893519-A449-4307-A65C-3A8E6137BC15}.Release|Mixed Platforms.ActiveCfg = Release|Any CPU
		{3F893519-A449-4307-A65C-3A8E6137BC15}.Release|Mixed Platforms.Build.0 = Release|Any CPU
		{3F893519-A449-4307-A65C-3A8E6137BC15}.Release|Win32.ActiveCfg = Release|Any CPU
		{3F893519-A449-4307-A65C-3A8E6137BC15}.Release|x64.ActiveCfg = Release|Any CPU
		{3F893519-A449-4307-A65C-3A8E6137BC15}.Release|x86.ActiveCfg = Release|Any CPU
		{FB208D46-4EF2-4691-8FA8-A1C6B5D76442}.Debug|Any CPU.ActiveCfg = Debug|Any CPU
		{FB208D46-4EF2-4691-8FA8-A1C6B5D76442}.Debug|Any CPU.Build.0 = Debug|Any CPU
		{FB208D46-4EF2-4691-8FA8-A1C6B5D76442}.Debug|Mixed Platforms.ActiveCfg = Debug|Any CPU
		{FB208D46-4EF2-4691-8FA8-A1C6B5D76442}.Debug|Mixed Platforms.Build.0 = Debug|Any CPU
		{FB208D46-4EF2-4691-8FA8-A1C6B5D76442}.Debug|Win32.ActiveCfg = Debug|Any CPU
		{FB208D46-4EF2-4691-8FA8-A1C6B5D76442}.Debug|x64.ActiveCfg = Debug|Any CPU
		{FB208D46-4EF2-4691-8FA8-A1C6B5D76442}.Debug|x86.ActiveCfg = Debug|Any CPU
		{FB208D46-4EF2-4691-8FA8-A1C6B5D76442}.Release|Any CPU.ActiveCfg = Release|Any CPU
		{FB208D46-4EF2-4691-8FA8-A1C6B5D76442}.Release|Any CPU.Build.0 = Release|Any CPU
		{FB208D46-4EF2-4691-8FA8-A1C6B5D76442}.Release|Mixed Platforms.ActiveCfg = Release|Any CPU
		{FB208D46-4EF2-4691-8FA8-A1C6B5D76442}.Release|Mixed Platforms.Build.0 = Release|Any CPU
		{FB208D46-4EF2-4691-8FA8-A1C6B5D76442}.Release|Win32.ActiveCfg = Release|Any CPU
		{FB208D46-4EF2-4691-8FA8-A1C6B5D76442}.Release|x64.ActiveCfg = Release|Any CPU
		{FB208D46-4EF2-4691-8FA8-A1C6B5D76442}.Release|x86.ActiveCfg = Release|Any CPU
		{CCB50D26-A12C-4A42-AC8E-B687EE1C47DE}.Debug|Any CPU.ActiveCfg = Debug|Any CPU
		{CCB50D26-A12C-4A42-AC8E-B687EE1C47DE}.Debug|Any CPU.Build.0 = Debug|Any CPU
		{CCB50D26-A12C-4A42-AC8E-B687EE1C47DE}.Debug|Mixed Platforms.ActiveCfg = Debug|Any CPU
		{CCB50D26-A12C-4A42-AC8E-B687EE1C47DE}.Debug|Win32.ActiveCfg = Debug|Any CPU
		{CCB50D26-A12C-4A42-AC8E-B687EE1C47DE}.Debug|x64.ActiveCfg = Debug|Any CPU
		{CCB50D26-A12C-4A42-AC8E-B687EE1C47DE}.Debug|x86.ActiveCfg = Debug|Any CPU
		{CCB50D26-A12C-4A42-AC8E-B687EE1C47DE}.Release|Any CPU.ActiveCfg = Release|Any CPU
		{CCB50D26-A12C-4A42-AC8E-B687EE1C47DE}.Release|Any CPU.Build.0 = Release|Any CPU
		{CCB50D26-A12C-4A42-AC8E-B687EE1C47DE}.Release|Mixed Platforms.ActiveCfg = Release|Any CPU
		{CCB50D26-A12C-4A42-AC8E-B687EE1C47DE}.Release|Win32.ActiveCfg = Release|Any CPU
		{CCB50D26-A12C-4A42-AC8E-B687EE1C47DE}.Release|x64.ActiveCfg = Release|Any CPU
		{CCB50D26-A12C-4A42-AC8E-B687EE1C47DE}.Release|x86.ActiveCfg = Release|Any CPU
		{772EFD05-79A4-4B64-AD2D-B331FF08153C}.Debug|Any CPU.ActiveCfg = Debug|x86
		{772EFD05-79A4-4B64-AD2D-B331FF08153C}.Debug|Mixed Platforms.ActiveCfg = Debug|x86
		{772EFD05-79A4-4B64-AD2D-B331FF08153C}.Debug|Mixed Platforms.Build.0 = Debug|x86
		{772EFD05-79A4-4B64-AD2D-B331FF08153C}.Debug|Win32.ActiveCfg = Debug|x86
		{772EFD05-79A4-4B64-AD2D-B331FF08153C}.Debug|x64.ActiveCfg = Debug|x86
		{772EFD05-79A4-4B64-AD2D-B331FF08153C}.Debug|x86.ActiveCfg = Debug|x86
		{772EFD05-79A4-4B64-AD2D-B331FF08153C}.Debug|x86.Build.0 = Debug|x86
		{772EFD05-79A4-4B64-AD2D-B331FF08153C}.Release|Any CPU.ActiveCfg = Release|x86
		{772EFD05-79A4-4B64-AD2D-B331FF08153C}.Release|Mixed Platforms.ActiveCfg = Release|x86
		{772EFD05-79A4-4B64-AD2D-B331FF08153C}.Release|Mixed Platforms.Build.0 = Release|x86
		{772EFD05-79A4-4B64-AD2D-B331FF08153C}.Release|Win32.ActiveCfg = Release|x86
		{772EFD05-79A4-4B64-AD2D-B331FF08153C}.Release|x64.ActiveCfg = Release|x86
		{772EFD05-79A4-4B64-AD2D-B331FF08153C}.Release|x86.ActiveCfg = Release|x86
		{772EFD05-79A4-4B64-AD2D-B331FF08153C}.Release|x86.Build.0 = Release|x86
		{EBFE2FA5-84C0-4EB4-A036-BF55D4454D2D}.Debug|Any CPU.ActiveCfg = Debug|Any CPU
		{EBFE2FA5-84C0-4EB4-A036-BF55D4454D2D}.Debug|Any CPU.Build.0 = Debug|Any CPU
		{EBFE2FA5-84C0-4EB4-A036-BF55D4454D2D}.Debug|Mixed Platforms.ActiveCfg = Debug|Any CPU
		{EBFE2FA5-84C0-4EB4-A036-BF55D4454D2D}.Debug|Mixed Platforms.Build.0 = Debug|Any CPU
		{EBFE2FA5-84C0-4EB4-A036-BF55D4454D2D}.Debug|Win32.ActiveCfg = Debug|Any CPU
		{EBFE2FA5-84C0-4EB4-A036-BF55D4454D2D}.Debug|x64.ActiveCfg = Debug|Any CPU
		{EBFE2FA5-84C0-4EB4-A036-BF55D4454D2D}.Debug|x86.ActiveCfg = Debug|Any CPU
		{EBFE2FA5-84C0-4EB4-A036-BF55D4454D2D}.Release|Any CPU.ActiveCfg = Release|Any CPU
		{EBFE2FA5-84C0-4EB4-A036-BF55D4454D2D}.Release|Any CPU.Build.0 = Release|Any CPU
		{EBFE2FA5-84C0-4EB4-A036-BF55D4454D2D}.Release|Mixed Platforms.ActiveCfg = Release|Any CPU
		{EBFE2FA5-84C0-4EB4-A036-BF55D4454D2D}.Release|Mixed Platforms.Build.0 = Release|Any CPU
		{EBFE2FA5-84C0-4EB4-A036-BF55D4454D2D}.Release|Win32.ActiveCfg = Release|Any CPU
		{EBFE2FA5-84C0-4EB4-A036-BF55D4454D2D}.Release|x64.ActiveCfg = Release|Any CPU
		{EBFE2FA5-84C0-4EB4-A036-BF55D4454D2D}.Release|x86.ActiveCfg = Release|Any CPU
		{FBCF576B-0E1A-4978-B4E2-4681FFC4E0CE}.Debug|Any CPU.ActiveCfg = Debug|Any CPU
		{FBCF576B-0E1A-4978-B4E2-4681FFC4E0CE}.Debug|Any CPU.Build.0 = Debug|Any CPU
		{FBCF576B-0E1A-4978-B4E2-4681FFC4E0CE}.Debug|Mixed Platforms.ActiveCfg = Debug|Any CPU
		{FBCF576B-0E1A-4978-B4E2-4681FFC4E0CE}.Debug|Mixed Platforms.Build.0 = Debug|Any CPU
		{FBCF576B-0E1A-4978-B4E2-4681FFC4E0CE}.Debug|Win32.ActiveCfg = Debug|Any CPU
		{FBCF576B-0E1A-4978-B4E2-4681FFC4E0CE}.Debug|x64.ActiveCfg = Debug|Any CPU
		{FBCF576B-0E1A-4978-B4E2-4681FFC4E0CE}.Debug|x86.ActiveCfg = Debug|Any CPU
		{FBCF576B-0E1A-4978-B4E2-4681FFC4E0CE}.Release|Any CPU.ActiveCfg = Release|Any CPU
		{FBCF576B-0E1A-4978-B4E2-4681FFC4E0CE}.Release|Any CPU.Build.0 = Release|Any CPU
		{FBCF576B-0E1A-4978-B4E2-4681FFC4E0CE}.Release|Mixed Platforms.ActiveCfg = Release|Any CPU
		{FBCF576B-0E1A-4978-B4E2-4681FFC4E0CE}.Release|Mixed Platforms.Build.0 = Release|Any CPU
		{FBCF576B-0E1A-4978-B4E2-4681FFC4E0CE}.Release|Win32.ActiveCfg = Release|Any CPU
		{FBCF576B-0E1A-4978-B4E2-4681FFC4E0CE}.Release|x64.ActiveCfg = Release|Any CPU
		{FBCF576B-0E1A-4978-B4E2-4681FFC4E0CE}.Release|x86.ActiveCfg = Release|Any CPU
		{BB114CB4-2B29-4B62-ADE7-B2DEF1299946}.Debug|Any CPU.ActiveCfg = Debug|x86
		{BB114CB4-2B29-4B62-ADE7-B2DEF1299946}.Debug|Mixed Platforms.ActiveCfg = Debug|x86
		{BB114CB4-2B29-4B62-ADE7-B2DEF1299946}.Debug|Mixed Platforms.Build.0 = Debug|x86
		{BB114CB4-2B29-4B62-ADE7-B2DEF1299946}.Debug|Win32.ActiveCfg = Debug|x86
		{BB114CB4-2B29-4B62-ADE7-B2DEF1299946}.Debug|x64.ActiveCfg = Debug|x86
		{BB114CB4-2B29-4B62-ADE7-B2DEF1299946}.Debug|x86.ActiveCfg = Debug|x86
		{BB114CB4-2B29-4B62-ADE7-B2DEF1299946}.Debug|x86.Build.0 = Debug|x86
		{BB114CB4-2B29-4B62-ADE7-B2DEF1299946}.Release|Any CPU.ActiveCfg = Release|x86
		{BB114CB4-2B29-4B62-ADE7-B2DEF1299946}.Release|Mixed Platforms.ActiveCfg = Release|x86
		{BB114CB4-2B29-4B62-ADE7-B2DEF1299946}.Release|Mixed Platforms.Build.0 = Release|x86
		{BB114CB4-2B29-4B62-ADE7-B2DEF1299946}.Release|Win32.ActiveCfg = Release|x86
		{BB114CB4-2B29-4B62-ADE7-B2DEF1299946}.Release|x64.ActiveCfg = Release|x86
		{BB114CB4-2B29-4B62-ADE7-B2DEF1299946}.Release|x86.ActiveCfg = Release|x86
		{BB114CB4-2B29-4B62-ADE7-B2DEF1299946}.Release|x86.Build.0 = Release|x86
		{C429B121-4674-4A7A-894C-6C0E534F9857}.Debug|Any CPU.ActiveCfg = Debug|Any CPU
		{C429B121-4674-4A7A-894C-6C0E534F9857}.Debug|Any CPU.Build.0 = Debug|Any CPU
		{C429B121-4674-4A7A-894C-6C0E534F9857}.Debug|Mixed Platforms.ActiveCfg = Debug|Any CPU
		{C429B121-4674-4A7A-894C-6C0E534F9857}.Debug|Mixed Platforms.Build.0 = Debug|Any CPU
		{C429B121-4674-4A7A-894C-6C0E534F9857}.Debug|Win32.ActiveCfg = Debug|Any CPU
		{C429B121-4674-4A7A-894C-6C0E534F9857}.Debug|x64.ActiveCfg = Debug|Any CPU
		{C429B121-4674-4A7A-894C-6C0E534F9857}.Debug|x86.ActiveCfg = Debug|Any CPU
		{C429B121-4674-4A7A-894C-6C0E534F9857}.Release|Any CPU.ActiveCfg = Release|Any CPU
		{C429B121-4674-4A7A-894C-6C0E534F9857}.Release|Any CPU.Build.0 = Release|Any CPU
		{C429B121-4674-4A7A-894C-6C0E534F9857}.Release|Mixed Platforms.ActiveCfg = Release|Any CPU
		{C429B121-4674-4A7A-894C-6C0E534F9857}.Release|Mixed Platforms.Build.0 = Release|Any CPU
		{C429B121-4674-4A7A-894C-6C0E534F9857}.Release|Win32.ActiveCfg = Release|Any CPU
		{C429B121-4674-4A7A-894C-6C0E534F9857}.Release|x64.ActiveCfg = Release|Any CPU
		{C429B121-4674-4A7A-894C-6C0E534F9857}.Release|x86.ActiveCfg = Release|Any CPU
		{17A62757-4100-48C3-99BD-2E2DAC2E4A60}.Debug|Any CPU.ActiveCfg = Debug|Any CPU
		{17A62757-4100-48C3-99BD-2E2DAC2E4A60}.Debug|Any CPU.Build.0 = Debug|Any CPU
		{17A62757-4100-48C3-99BD-2E2DAC2E4A60}.Debug|Mixed Platforms.ActiveCfg = Debug|Any CPU
		{17A62757-4100-48C3-99BD-2E2DAC2E4A60}.Debug|Mixed Platforms.Build.0 = Debug|Any CPU
		{17A62757-4100-48C3-99BD-2E2DAC2E4A60}.Debug|Win32.ActiveCfg = Debug|Any CPU
		{17A62757-4100-48C3-99BD-2E2DAC2E4A60}.Debug|x64.ActiveCfg = Debug|Any CPU
		{17A62757-4100-48C3-99BD-2E2DAC2E4A60}.Debug|x86.ActiveCfg = Debug|Any CPU
		{17A62757-4100-48C3-99BD-2E2DAC2E4A60}.Release|Any CPU.ActiveCfg = Release|Any CPU
		{17A62757-4100-48C3-99BD-2E2DAC2E4A60}.Release|Any CPU.Build.0 = Release|Any CPU
		{17A62757-4100-48C3-99BD-2E2DAC2E4A60}.Release|Mixed Platforms.ActiveCfg = Release|Any CPU
		{17A62757-4100-48C3-99BD-2E2DAC2E4A60}.Release|Mixed Platforms.Build.0 = Release|Any CPU
		{17A62757-4100-48C3-99BD-2E2DAC2E4A60}.Release|Win32.ActiveCfg = Release|Any CPU
		{17A62757-4100-48C3-99BD-2E2DAC2E4A60}.Release|x64.ActiveCfg = Release|Any CPU
		{17A62757-4100-48C3-99BD-2E2DAC2E4A60}.Release|x86.ActiveCfg = Release|Any CPU
		{4490084E-6EC9-4FF2-9CF5-7AF23A15305C}.Debug|Any CPU.ActiveCfg = Debug|Any CPU
		{4490084E-6EC9-4FF2-9CF5-7AF23A15305C}.Debug|Any CPU.Build.0 = Debug|Any CPU
		{4490084E-6EC9-4FF2-9CF5-7AF23A15305C}.Debug|Mixed Platforms.ActiveCfg = Debug|Any CPU
		{4490084E-6EC9-4FF2-9CF5-7AF23A15305C}.Debug|Mixed Platforms.Build.0 = Debug|Any CPU
		{4490084E-6EC9-4FF2-9CF5-7AF23A15305C}.Debug|Win32.ActiveCfg = Debug|Any CPU
		{4490084E-6EC9-4FF2-9CF5-7AF23A15305C}.Debug|x64.ActiveCfg = Debug|Any CPU
		{4490084E-6EC9-4FF2-9CF5-7AF23A15305C}.Debug|x86.ActiveCfg = Debug|Any CPU
		{4490084E-6EC9-4FF2-9CF5-7AF23A15305C}.Release|Any CPU.ActiveCfg = Release|Any CPU
		{4490084E-6EC9-4FF2-9CF5-7AF23A15305C}.Release|Any CPU.Build.0 = Release|Any CPU
		{4490084E-6EC9-4FF2-9CF5-7AF23A15305C}.Release|Mixed Platforms.ActiveCfg = Release|Any CPU
		{4490084E-6EC9-4FF2-9CF5-7AF23A15305C}.Release|Mixed Platforms.Build.0 = Release|Any CPU
		{4490084E-6EC9-4FF2-9CF5-7AF23A15305C}.Release|Win32.ActiveCfg = Release|Any CPU
		{4490084E-6EC9-4FF2-9CF5-7AF23A15305C}.Release|x64.ActiveCfg = Release|Any CPU
		{4490084E-6EC9-4FF2-9CF5-7AF23A15305C}.Release|x86.ActiveCfg = Release|Any CPU
		{859B83AD-BEFE-4F13-A43A-051EB0146773}.Debug|Any CPU.ActiveCfg = Debug|Any CPU
		{859B83AD-BEFE-4F13-A43A-051EB0146773}.Debug|Any CPU.Build.0 = Debug|Any CPU
		{859B83AD-BEFE-4F13-A43A-051EB0146773}.Debug|Mixed Platforms.ActiveCfg = Debug|Any CPU
		{859B83AD-BEFE-4F13-A43A-051EB0146773}.Debug|Mixed Platforms.Build.0 = Debug|Any CPU
		{859B83AD-BEFE-4F13-A43A-051EB0146773}.Debug|Win32.ActiveCfg = Debug|Any CPU
		{859B83AD-BEFE-4F13-A43A-051EB0146773}.Debug|x64.ActiveCfg = Debug|Any CPU
		{859B83AD-BEFE-4F13-A43A-051EB0146773}.Debug|x86.ActiveCfg = Debug|Any CPU
		{859B83AD-BEFE-4F13-A43A-051EB0146773}.Release|Any CPU.ActiveCfg = Release|Any CPU
		{859B83AD-BEFE-4F13-A43A-051EB0146773}.Release|Any CPU.Build.0 = Release|Any CPU
		{859B83AD-BEFE-4F13-A43A-051EB0146773}.Release|Mixed Platforms.ActiveCfg = Release|Any CPU
		{859B83AD-BEFE-4F13-A43A-051EB0146773}.Release|Mixed Platforms.Build.0 = Release|Any CPU
		{859B83AD-BEFE-4F13-A43A-051EB0146773}.Release|Win32.ActiveCfg = Release|Any CPU
		{859B83AD-BEFE-4F13-A43A-051EB0146773}.Release|x64.ActiveCfg = Release|Any CPU
		{859B83AD-BEFE-4F13-A43A-051EB0146773}.Release|x86.ActiveCfg = Release|Any CPU
		{409053CC-0F4E-4EFB-9071-591AE8A5A9D0}.Debug|Any CPU.ActiveCfg = Debug|Any CPU
		{409053CC-0F4E-4EFB-9071-591AE8A5A9D0}.Debug|Any CPU.Build.0 = Debug|Any CPU
		{409053CC-0F4E-4EFB-9071-591AE8A5A9D0}.Debug|Mixed Platforms.ActiveCfg = Debug|Any CPU
		{409053CC-0F4E-4EFB-9071-591AE8A5A9D0}.Debug|Mixed Platforms.Build.0 = Debug|Any CPU
		{409053CC-0F4E-4EFB-9071-591AE8A5A9D0}.Debug|Win32.ActiveCfg = Debug|Any CPU
		{409053CC-0F4E-4EFB-9071-591AE8A5A9D0}.Debug|x64.ActiveCfg = Debug|Any CPU
		{409053CC-0F4E-4EFB-9071-591AE8A5A9D0}.Debug|x86.ActiveCfg = Debug|Any CPU
		{409053CC-0F4E-4EFB-9071-591AE8A5A9D0}.Release|Any CPU.ActiveCfg = Release|Any CPU
		{409053CC-0F4E-4EFB-9071-591AE8A5A9D0}.Release|Any CPU.Build.0 = Release|Any CPU
		{409053CC-0F4E-4EFB-9071-591AE8A5A9D0}.Release|Mixed Platforms.ActiveCfg = Release|Any CPU
		{409053CC-0F4E-4EFB-9071-591AE8A5A9D0}.Release|Mixed Platforms.Build.0 = Release|Any CPU
		{409053CC-0F4E-4EFB-9071-591AE8A5A9D0}.Release|Win32.ActiveCfg = Release|Any CPU
		{409053CC-0F4E-4EFB-9071-591AE8A5A9D0}.Release|x64.ActiveCfg = Release|Any CPU
		{409053CC-0F4E-4EFB-9071-591AE8A5A9D0}.Release|x86.ActiveCfg = Release|Any CPU
		{12EDF8C6-E09C-4B69-B03E-CF8464CB4386}.Debug|Any CPU.ActiveCfg = Debug|Any CPU
		{12EDF8C6-E09C-4B69-B03E-CF8464CB4386}.Debug|Any CPU.Build.0 = Debug|Any CPU
		{12EDF8C6-E09C-4B69-B03E-CF8464CB4386}.Debug|Mixed Platforms.ActiveCfg = Debug|Any CPU
		{12EDF8C6-E09C-4B69-B03E-CF8464CB4386}.Debug|Mixed Platforms.Build.0 = Debug|Any CPU
		{12EDF8C6-E09C-4B69-B03E-CF8464CB4386}.Debug|Win32.ActiveCfg = Debug|Any CPU
		{12EDF8C6-E09C-4B69-B03E-CF8464CB4386}.Debug|x64.ActiveCfg = Debug|Any CPU
		{12EDF8C6-E09C-4B69-B03E-CF8464CB4386}.Debug|x86.ActiveCfg = Debug|Any CPU
		{12EDF8C6-E09C-4B69-B03E-CF8464CB4386}.Release|Any CPU.ActiveCfg = Release|Any CPU
		{12EDF8C6-E09C-4B69-B03E-CF8464CB4386}.Release|Any CPU.Build.0 = Release|Any CPU
		{12EDF8C6-E09C-4B69-B03E-CF8464CB4386}.Release|Mixed Platforms.ActiveCfg = Release|Any CPU
		{12EDF8C6-E09C-4B69-B03E-CF8464CB4386}.Release|Mixed Platforms.Build.0 = Release|Any CPU
		{12EDF8C6-E09C-4B69-B03E-CF8464CB4386}.Release|Win32.ActiveCfg = Release|Any CPU
		{12EDF8C6-E09C-4B69-B03E-CF8464CB4386}.Release|x64.ActiveCfg = Release|Any CPU
		{12EDF8C6-E09C-4B69-B03E-CF8464CB4386}.Release|x86.ActiveCfg = Release|Any CPU
	EndGlobalSection
	GlobalSection(SolutionProperties) = preSolution
		HideSolutionNode = FALSE
	EndGlobalSection
	GlobalSection(NestedProjects) = preSolution
		{CB0DE4DA-5DA7-428C-9428-326444D70BCB} = {8C8930F8-C17D-4EF4-AF59-0CA146084B61}
		{66921564-82F8-42DE-A6C9-8BBF03E8A2FA} = {8C8930F8-C17D-4EF4-AF59-0CA146084B61}
		{150D9865-1757-4E89-9EFF-B3583174376D} = {8C8930F8-C17D-4EF4-AF59-0CA146084B61}
		{CB5CDB71-9421-48B9-9682-95FF86B94E8C} = {66921564-82F8-42DE-A6C9-8BBF03E8A2FA}
		{3F893519-A449-4307-A65C-3A8E6137BC15} = {27B7684E-895D-4FB2-9E20-DDBD54EEB4E2}
		{FB208D46-4EF2-4691-8FA8-A1C6B5D76442} = {27B7684E-895D-4FB2-9E20-DDBD54EEB4E2}
		{DCBD7A31-3055-4DE7-8D3F-837CD82E1981} = {61B1848A-86EC-4C18-82FC-0DD620E43C3F}
		{27B7684E-895D-4FB2-9E20-DDBD54EEB4E2} = {61B1848A-86EC-4C18-82FC-0DD620E43C3F}
		{FBCF576B-0E1A-4978-B4E2-4681FFC4E0CE} = {BC3F8CA6-DABD-4BCF-AA8E-A74967AB2BB6}
		{772EFD05-79A4-4B64-AD2D-B331FF08153C} = {BC3F8CA6-DABD-4BCF-AA8E-A74967AB2BB6}
		{EBFE2FA5-84C0-4EB4-A036-BF55D4454D2D} = {BC3F8CA6-DABD-4BCF-AA8E-A74967AB2BB6}
		{C429B121-4674-4A7A-894C-6C0E534F9857} = {26EF70DC-23C1-4A86-A0EC-91C993A2E55C}
		{17A62757-4100-48C3-99BD-2E2DAC2E4A60} = {26EF70DC-23C1-4A86-A0EC-91C993A2E55C}
		{BB114CB4-2B29-4B62-ADE7-B2DEF1299946} = {26EF70DC-23C1-4A86-A0EC-91C993A2E55C}
		{4490084E-6EC9-4FF2-9CF5-7AF23A15305C} = {5FD84882-7405-41F4-ADBF-8EDD61203BEA}
		{859B83AD-BEFE-4F13-A43A-051EB0146773} = {5FD84882-7405-41F4-ADBF-8EDD61203BEA}
		{409053CC-0F4E-4EFB-9071-591AE8A5A9D0} = {5FD84882-7405-41F4-ADBF-8EDD61203BEA}
		{26EF70DC-23C1-4A86-A0EC-91C993A2E55C} = {DCBD7A31-3055-4DE7-8D3F-837CD82E1981}
		{BC3F8CA6-DABD-4BCF-AA8E-A74967AB2BB6} = {DCBD7A31-3055-4DE7-8D3F-837CD82E1981}
		{5FD84882-7405-41F4-ADBF-8EDD61203BEA} = {DCBD7A31-3055-4DE7-8D3F-837CD82E1981}
		{09EE074A-989C-46B5-919C-CBB14373C761} = {CB0DE4DA-5DA7-428C-9428-326444D70BCB}
		{CCB50D26-A12C-4A42-AC8E-B687EE1C47DE} = {CB0DE4DA-5DA7-428C-9428-326444D70BCB}
		{12EDF8C6-E09C-4B69-B03E-CF8464CB4386} = {150D9865-1757-4E89-9EFF-B3583174376D}
	EndGlobalSection
EndGlobal
